
Microsoft Visual Studio Solution File, Format Version 12.00
# Visual Studio Version 17
VisualStudioVersion = 17.6.33815.320
MinimumVisualStudioVersion = 10.0.40219.1
Project("{FAE04EC0-301F-11D3-BF4B-00C04F79EFBC}") = "LeaveManagementSystem.Web", "LeaveManagementSystem.Web\LeaveManagementSystem.Web.csproj", "{CE8BBDD8-312B-4317-AFB2-5FD6F0F40DFD}"
EndProject
Global
	GlobalSection(SolutionConfigurationPlatforms) = preSolution
		Debug|Any CPU = Debug|Any CPU
		Release|Any CPU = Release|Any CPU
	EndGlobalSection
	GlobalSection(ProjectConfigurationPlatforms) = postSolution
		{CE8BBDD8-312B-4317-AFB2-5FD6F0F40DFD}.Debug|Any CPU.ActiveCfg = Debug|Any CPU
		{CE8BBDD8-312B-4317-AFB2-5FD6F0F40DFD}.Debug|Any CPU.Build.0 = Debug|Any CPU
		{CE8BBDD8-312B-4317-AFB2-5FD6F0F40DFD}.Release|Any CPU.ActiveCfg = Release|Any CPU
		{CE8BBDD8-312B-4317-AFB2-5FD6F0F40DFD}.Release|Any CPU.Build.0 = Release|Any CPU
	EndGlobalSection
	GlobalSection(SolutionProperties) = preSolution
		HideSolutionNode = FALSE
	EndGlobalSection
	GlobalSection(ExtensibilityGlobals) = postSolution
		SolutionGuid = {2A7D3A58-6544-4A0D-BE7E-389C6FDC2939}
	EndGlobalSection
EndGlobal
